
Microsoft Visual Studio Solution File, Format Version 12.00
# Visual Studio Version 16
VisualStudioVersion = 16.0.31515.178
MinimumVisualStudioVersion = 10.0.40219.1
Project("{FAE04EC0-301F-11D3-BF4B-00C04F79EFBC}") = "MassTextModifier", "MassTextModifier.csproj", "{85CB801A-85F6-4BB1-ABC2-8B28F7A5979E}"
EndProject
Global
	GlobalSection(SolutionConfigurationPlatforms) = preSolution
		Debug|Any CPU = Debug|Any CPU
		Release|Any CPU = Release|Any CPU
	EndGlobalSection
	GlobalSection(ProjectConfigurationPlatforms) = postSolution
		{85CB801A-85F6-4BB1-ABC2-8B28F7A5979E}.Debug|Any CPU.ActiveCfg = Debug|Any CPU
		{85CB801A-85F6-4BB1-ABC2-8B28F7A5979E}.Debug|Any CPU.Build.0 = Debug|Any CPU
		{85CB801A-85F6-4BB1-ABC2-8B28F7A5979E}.Release|Any CPU.ActiveCfg = Release|Any CPU
		{85CB801A-85F6-4BB1-ABC2-8B28F7A5979E}.Release|Any CPU.Build.0 = Release|Any CPU
	EndGlobalSection
	GlobalSection(SolutionProperties) = preSolution
		HideSolutionNode = FALSE
	EndGlobalSection
	GlobalSection(ExtensibilityGlobals) = postSolution
		SolutionGuid = {5742F694-552A-4B5E-B7C7-2AAC3BA79117}
	EndGlobalSection
EndGlobal
